
Microsoft Visual Studio Solution File, Format Version 12.00
# Visual Studio 2013
VisualStudioVersion = 12.0.31101.0
MinimumVisualStudioVersion = 10.0.40219.1
Project("{8BC9CEB8-8B4A-11D0-8D11-00A0C91BC942}") = "SVM Image Annotation", "SVM Image Annotation\SVM Image Annotation.vcxproj", "{0B684216-337C-4F88-8CDB-FA4B56112D89}"
EndProject
Global
	GlobalSection(TeamFoundationVersionControl) = preSolution
		SccNumberOfProjects = 2
		SccEnterpriseProvider = {4CA58AB2-18FA-4F8D-95D4-32DDF27D184C}
		SccTeamFoundationServer = https://matt1990.visualstudio.com/defaultcollection
		SccLocalPath0 = .
		SccProjectUniqueName1 = SVM\u0020Image\u0020Annotation\\SVM\u0020Image\u0020Annotation.vcxproj
		SccProjectName1 = SVM\u0020Image\u0020Annotation
		SccLocalPath1 = SVM\u0020Image\u0020Annotation
	EndGlobalSection
	GlobalSection(SolutionConfigurationPlatforms) = preSolution
		Debug|Win32 = Debug|Win32
		Debug|x64 = Debug|x64
		Release|Win32 = Release|Win32
		Release|x64 = Release|x64
	EndGlobalSection
	GlobalSection(ProjectConfigurationPlatforms) = postSolution
		{0B684216-337C-4F88-8CDB-FA4B56112D89}.Debug|Win32.ActiveCfg = Debug|Win32
		{0B684216-337C-4F88-8CDB-FA4B56112D89}.Debug|Win32.Build.0 = Debug|Win32
		{0B684216-337C-4F88-8CDB-FA4B56112D89}.Debug|x64.ActiveCfg = Debug|x64
		{0B684216-337C-4F88-8CDB-FA4B56112D89}.Debug|x64.Build.0 = Debug|x64
		{0B684216-337C-4F88-8CDB-FA4B56112D89}.Release|Win32.ActiveCfg = Release|Win32
		{0B684216-337C-4F88-8CDB-FA4B56112D89}.Release|Win32.Build.0 = Release|Win32
		{0B684216-337C-4F88-8CDB-FA4B56112D89}.Release|x64.ActiveCfg = Release|x64
		{0B684216-337C-4F88-8CDB-FA4B56112D89}.Release|x64.Build.0 = Release|x64
	EndGlobalSection
	GlobalSection(SolutionProperties) = preSolution
		HideSolutionNode = FALSE
	EndGlobalSection
EndGlobal
